
Microsoft Visual Studio Solution File, Format Version 12.00
# Visual Studio Version 17
VisualStudioVersion = 17.0.32112.339
MinimumVisualStudioVersion = 10.0.40219.1
Project("{2150E333-8FDC-42A3-9474-1A3956D46DE8}") = "src", "src", "{2B3E9B96-B5E3-4FDC-A372-1444DC7E7BCF}"
EndProject
Project("{FAE04EC0-301F-11D3-BF4B-00C04F79EFBC}") = "EventToADLSParquet", "EventToADLSParquet\EventToADLSParquet.csproj", "{FA7CD23C-703C-4360-86BE-04271BD56435}"
EndProject
Global
	GlobalSection(SolutionConfigurationPlatforms) = preSolution
		Debug|Any CPU = Debug|Any CPU
		Release|Any CPU = Release|Any CPU
	EndGlobalSection
	GlobalSection(ProjectConfigurationPlatforms) = postSolution
		{FA7CD23C-703C-4360-86BE-04271BD56435}.Debug|Any CPU.ActiveCfg = Debug|Any CPU
		{FA7CD23C-703C-4360-86BE-04271BD56435}.Debug|Any CPU.Build.0 = Debug|Any CPU
		{FA7CD23C-703C-4360-86BE-04271BD56435}.Release|Any CPU.ActiveCfg = Release|Any CPU
		{FA7CD23C-703C-4360-86BE-04271BD56435}.Release|Any CPU.Build.0 = Release|Any CPU
	EndGlobalSection
	GlobalSection(SolutionProperties) = preSolution
		HideSolutionNode = FALSE
	EndGlobalSection
	GlobalSection(NestedProjects) = preSolution
		{FA7CD23C-703C-4360-86BE-04271BD56435} = {2B3E9B96-B5E3-4FDC-A372-1444DC7E7BCF}
	EndGlobalSection
	GlobalSection(ExtensibilityGlobals) = postSolution
		SolutionGuid = {FEA1BCA7-DA9C-42DF-A78F-F9BB4776B7EF}
	EndGlobalSection
EndGlobal
